
Microsoft Visual Studio Solution File, Format Version 12.00
# Visual Studio Version 17
VisualStudioVersion = 17.7.34221.43
MinimumVisualStudioVersion = 10.0.40219.1
Project("{9A19103F-16F7-4668-BE54-9A1E7A4F7556}") = "Server", "ECMLab3\Server\Server.csproj", "{B715573D-B249-4D01-A86D-EA33A60EAC87}"
EndProject
Project("{9A19103F-16F7-4668-BE54-9A1E7A4F7556}") = "Client", "ECMLab3\Client\Client.csproj", "{A741C389-C0B6-4B6A-AD37-E2DA0D5C1E4F}"
EndProject
Global
	GlobalSection(SolutionConfigurationPlatforms) = preSolution
		Debug|Any CPU = Debug|Any CPU
		Release|Any CPU = Release|Any CPU
	EndGlobalSection
	GlobalSection(ProjectConfigurationPlatforms) = postSolution
		{B715573D-B249-4D01-A86D-EA33A60EAC87}.Debug|Any CPU.ActiveCfg = Debug|Any CPU
		{B715573D-B249-4D01-A86D-EA33A60EAC87}.Debug|Any CPU.Build.0 = Debug|Any CPU
		{B715573D-B249-4D01-A86D-EA33A60EAC87}.Release|Any CPU.ActiveCfg = Release|Any CPU
		{B715573D-B249-4D01-A86D-EA33A60EAC87}.Release|Any CPU.Build.0 = Release|Any CPU
		{A741C389-C0B6-4B6A-AD37-E2DA0D5C1E4F}.Debug|Any CPU.ActiveCfg = Debug|Any CPU
		{A741C389-C0B6-4B6A-AD37-E2DA0D5C1E4F}.Debug|Any CPU.Build.0 = Debug|Any CPU
		{A741C389-C0B6-4B6A-AD37-E2DA0D5C1E4F}.Release|Any CPU.ActiveCfg = Release|Any CPU
		{A741C389-C0B6-4B6A-AD37-E2DA0D5C1E4F}.Release|Any CPU.Build.0 = Release|Any CPU
	EndGlobalSection
	GlobalSection(SolutionProperties) = preSolution
		HideSolutionNode = FALSE
	EndGlobalSection
	GlobalSection(ExtensibilityGlobals) = postSolution
		SolutionGuid = {C6DEDDE3-C480-45A5-81E9-1B39618868F3}
	EndGlobalSection
EndGlobal
